
Microsoft Visual Studio Solution File, Format Version 12.00
# Visual Studio Version 16
VisualStudioVersion = 25.0.1706.4
MinimumVisualStudioVersion = 10.0.40219.1
Project("{FAE04EC0-301F-11D3-BF4B-00C04F79EFBC}") = "BlogConsoleApp", "BlogConsoleApp\BlogConsoleApp.csproj", "{9124EB48-AE78-4B82-8D6D-187138F2FA5B}"
EndProject
Global
	GlobalSection(SolutionConfigurationPlatforms) = preSolution
		Debug|Any CPU = Debug|Any CPU
		Release|Any CPU = Release|Any CPU
	EndGlobalSection
	GlobalSection(ProjectConfigurationPlatforms) = postSolution
		{9124EB48-AE78-4B82-8D6D-187138F2FA5B}.Debug|Any CPU.ActiveCfg = Debug|Any CPU
		{9124EB48-AE78-4B82-8D6D-187138F2FA5B}.Debug|Any CPU.Build.0 = Debug|Any CPU
		{9124EB48-AE78-4B82-8D6D-187138F2FA5B}.Release|Any CPU.ActiveCfg = Release|Any CPU
		{9124EB48-AE78-4B82-8D6D-187138F2FA5B}.Release|Any CPU.Build.0 = Release|Any CPU
	EndGlobalSection
	GlobalSection(SolutionProperties) = preSolution
		HideSolutionNode = FALSE
	EndGlobalSection
	GlobalSection(ExtensibilityGlobals) = postSolution
		SolutionGuid = {4F3FE67E-806D-4AC7-8C67-851EA305A024}
	EndGlobalSection
EndGlobal
