
Microsoft Visual Studio Solution File, Format Version 12.00
# Visual Studio Version 17
VisualStudioVersion = 17.5.002.0
MinimumVisualStudioVersion = 10.0.40219.1
Project("{9A19103F-16F7-4668-BE54-9A1E7A4F7556}") = "Simple Task Manager", "Simple Task Manager.csproj", "{AE43313C-64BF-496A-9B2E-E2245EC4855E}"
EndProject
Global
	GlobalSection(SolutionConfigurationPlatforms) = preSolution
		Debug|Any CPU = Debug|Any CPU
		Release|Any CPU = Release|Any CPU
	EndGlobalSection
	GlobalSection(ProjectConfigurationPlatforms) = postSolution
		{AE43313C-64BF-496A-9B2E-E2245EC4855E}.Debug|Any CPU.ActiveCfg = Debug|Any CPU
		{AE43313C-64BF-496A-9B2E-E2245EC4855E}.Debug|Any CPU.Build.0 = Debug|Any CPU
		{AE43313C-64BF-496A-9B2E-E2245EC4855E}.Release|Any CPU.ActiveCfg = Release|Any CPU
		{AE43313C-64BF-496A-9B2E-E2245EC4855E}.Release|Any CPU.Build.0 = Release|Any CPU
	EndGlobalSection
	GlobalSection(SolutionProperties) = preSolution
		HideSolutionNode = FALSE
	EndGlobalSection
	GlobalSection(ExtensibilityGlobals) = postSolution
		SolutionGuid = {147BFC07-D550-4727-8E53-22C8CBB9752A}
	EndGlobalSection
EndGlobal
