
Microsoft Visual Studio Solution File, Format Version 12.00
# Visual Studio Version 17
VisualStudioVersion = 17.5.002.0
MinimumVisualStudioVersion = 10.0.40219.1
Project("{9A19103F-16F7-4668-BE54-9A1E7A4F7556}") = "Palindrome Check", "Palindrome Check.csproj", "{6BF2EFD0-95AA-4E46-AED3-5EE708F38710}"
EndProject
Global
	GlobalSection(SolutionConfigurationPlatforms) = preSolution
		Debug|Any CPU = Debug|Any CPU
		Release|Any CPU = Release|Any CPU
	EndGlobalSection
	GlobalSection(ProjectConfigurationPlatforms) = postSolution
		{6BF2EFD0-95AA-4E46-AED3-5EE708F38710}.Debug|Any CPU.ActiveCfg = Debug|Any CPU
		{6BF2EFD0-95AA-4E46-AED3-5EE708F38710}.Debug|Any CPU.Build.0 = Debug|Any CPU
		{6BF2EFD0-95AA-4E46-AED3-5EE708F38710}.Release|Any CPU.ActiveCfg = Release|Any CPU
		{6BF2EFD0-95AA-4E46-AED3-5EE708F38710}.Release|Any CPU.Build.0 = Release|Any CPU
	EndGlobalSection
	GlobalSection(SolutionProperties) = preSolution
		HideSolutionNode = FALSE
	EndGlobalSection
	GlobalSection(ExtensibilityGlobals) = postSolution
		SolutionGuid = {8C61AFC0-3D98-4F34-AA6D-DF73E046C2CF}
	EndGlobalSection
EndGlobal
