
Microsoft Visual Studio Solution File, Format Version 12.00
# Visual Studio Version 16
VisualStudioVersion = 25.0.1706.4
MinimumVisualStudioVersion = 10.0.40219.1
Project("{FAE04EC0-301F-11D3-BF4B-00C04F79EFBC}") = "BlogWebApi", "BlogWebApi\BlogWebApi.csproj", "{BAEA1472-B1C7-4ADF-BE9C-72B9515878CF}"
EndProject
Global
	GlobalSection(SolutionConfigurationPlatforms) = preSolution
		Debug|Any CPU = Debug|Any CPU
		Release|Any CPU = Release|Any CPU
	EndGlobalSection
	GlobalSection(ProjectConfigurationPlatforms) = postSolution
		{BAEA1472-B1C7-4ADF-BE9C-72B9515878CF}.Debug|Any CPU.ActiveCfg = Debug|Any CPU
		{BAEA1472-B1C7-4ADF-BE9C-72B9515878CF}.Debug|Any CPU.Build.0 = Debug|Any CPU
		{BAEA1472-B1C7-4ADF-BE9C-72B9515878CF}.Release|Any CPU.ActiveCfg = Release|Any CPU
		{BAEA1472-B1C7-4ADF-BE9C-72B9515878CF}.Release|Any CPU.Build.0 = Release|Any CPU
	EndGlobalSection
	GlobalSection(SolutionProperties) = preSolution
		HideSolutionNode = FALSE
	EndGlobalSection
	GlobalSection(ExtensibilityGlobals) = postSolution
		SolutionGuid = {372D148D-AECB-4C66-94FE-80AD576F1CE3}
	EndGlobalSection
EndGlobal
